
Microsoft Visual Studio Solution File, Format Version 12.00
# Visual Studio Version 16
VisualStudioVersion = 16.0.30711.63
MinimumVisualStudioVersion = 10.0.40219.1
Project("{FAE04EC0-301F-11D3-BF4B-00C04F79EFBC}") = "Lab4-pdp", "Lab4-pdp.csproj", "{5AFD362D-BA91-4FD2-B230-696DD5138F34}"
EndProject
Global
	GlobalSection(SolutionConfigurationPlatforms) = preSolution
		Debug|Any CPU = Debug|Any CPU
		Release|Any CPU = Release|Any CPU
	EndGlobalSection
	GlobalSection(ProjectConfigurationPlatforms) = postSolution
		{5AFD362D-BA91-4FD2-B230-696DD5138F34}.Debug|Any CPU.ActiveCfg = Debug|Any CPU
		{5AFD362D-BA91-4FD2-B230-696DD5138F34}.Debug|Any CPU.Build.0 = Debug|Any CPU
		{5AFD362D-BA91-4FD2-B230-696DD5138F34}.Release|Any CPU.ActiveCfg = Release|Any CPU
		{5AFD362D-BA91-4FD2-B230-696DD5138F34}.Release|Any CPU.Build.0 = Release|Any CPU
	EndGlobalSection
	GlobalSection(SolutionProperties) = preSolution
		HideSolutionNode = FALSE
	EndGlobalSection
	GlobalSection(ExtensibilityGlobals) = postSolution
		SolutionGuid = {8C598AED-6829-4A76-B784-AE826ED3934B}
	EndGlobalSection
EndGlobal
